
Microsoft Visual Studio Solution File, Format Version 12.00
# Visual Studio Version 17
VisualStudioVersion = 17.3.32922.545
MinimumVisualStudioVersion = 10.0.40219.1
Project("{9A19103F-16F7-4668-BE54-9A1E7A4F7556}") = "MyFunctionApp", "MyFunctionApp\MyFunctionApp.csproj", "{DF3D4CA1-4748-46D6-8F95-7458A77DB5D0}"
EndProject
Project("{FAE04EC0-301F-11D3-BF4B-00C04F79EFBC}") = "SayHello", "SayHello\SayHello.csproj", "{D0651F4C-E82C-4C37-A002-1421F1D24575}"
EndProject
Global
	GlobalSection(SolutionConfigurationPlatforms) = preSolution
		Debug|Any CPU = Debug|Any CPU
		Release|Any CPU = Release|Any CPU
	EndGlobalSection
	GlobalSection(ProjectConfigurationPlatforms) = postSolution
		{DF3D4CA1-4748-46D6-8F95-7458A77DB5D0}.Debug|Any CPU.ActiveCfg = Debug|Any CPU
		{DF3D4CA1-4748-46D6-8F95-7458A77DB5D0}.Debug|Any CPU.Build.0 = Debug|Any CPU
		{DF3D4CA1-4748-46D6-8F95-7458A77DB5D0}.Release|Any CPU.ActiveCfg = Release|Any CPU
		{DF3D4CA1-4748-46D6-8F95-7458A77DB5D0}.Release|Any CPU.Build.0 = Release|Any CPU
		{D0651F4C-E82C-4C37-A002-1421F1D24575}.Debug|Any CPU.ActiveCfg = Debug|Any CPU
		{D0651F4C-E82C-4C37-A002-1421F1D24575}.Debug|Any CPU.Build.0 = Debug|Any CPU
		{D0651F4C-E82C-4C37-A002-1421F1D24575}.Release|Any CPU.ActiveCfg = Release|Any CPU
		{D0651F4C-E82C-4C37-A002-1421F1D24575}.Release|Any CPU.Build.0 = Release|Any CPU
	EndGlobalSection
	GlobalSection(SolutionProperties) = preSolution
		HideSolutionNode = FALSE
	EndGlobalSection
	GlobalSection(ExtensibilityGlobals) = postSolution
		SolutionGuid = {5181A20C-A27E-4901-9EE2-49C1A3DC9DE7}
	EndGlobalSection
EndGlobal
